
Microsoft Visual Studio Solution File, Format Version 12.00
# Visual Studio Version 16
VisualStudioVersion = 16.0.30011.22
MinimumVisualStudioVersion = 10.0.40219.1
Project("{FAE04EC0-301F-11D3-BF4B-00C04F79EFBC}") = "sinozicSebastianRandomIntAndString", "sinozicSebastianRandomIntAndString\sinozicSebastianRandomIntAndString.csproj", "{D09A7679-88CF-4F7D-96A1-561287099F7D}"
EndProject
Global
	GlobalSection(SolutionConfigurationPlatforms) = preSolution
		Debug|Any CPU = Debug|Any CPU
		Release|Any CPU = Release|Any CPU
	EndGlobalSection
	GlobalSection(ProjectConfigurationPlatforms) = postSolution
		{D09A7679-88CF-4F7D-96A1-561287099F7D}.Debug|Any CPU.ActiveCfg = Debug|Any CPU
		{D09A7679-88CF-4F7D-96A1-561287099F7D}.Debug|Any CPU.Build.0 = Debug|Any CPU
		{D09A7679-88CF-4F7D-96A1-561287099F7D}.Release|Any CPU.ActiveCfg = Release|Any CPU
		{D09A7679-88CF-4F7D-96A1-561287099F7D}.Release|Any CPU.Build.0 = Release|Any CPU
	EndGlobalSection
	GlobalSection(SolutionProperties) = preSolution
		HideSolutionNode = FALSE
	EndGlobalSection
	GlobalSection(ExtensibilityGlobals) = postSolution
		SolutionGuid = {F95ED0D2-6D25-4431-A786-24FF392624BA}
	EndGlobalSection
EndGlobal
